
Microsoft Visual Studio Solution File, Format Version 12.00
# Visual Studio Version 16
VisualStudioVersion = 25.0.1706.0
MinimumVisualStudioVersion = 10.0.40219.1
Project("{FAE04EC0-301F-11D3-BF4B-00C04F79EFBC}") = "ElonsToys", "ElonsToys.csproj", "{18E9A126-5B08-42CB-AD99-E20B95CDCD81}"
EndProject
Global
	GlobalSection(SolutionConfigurationPlatforms) = preSolution
		Debug|Any CPU = Debug|Any CPU
		Release|Any CPU = Release|Any CPU
	EndGlobalSection
	GlobalSection(ProjectConfigurationPlatforms) = postSolution
		{18E9A126-5B08-42CB-AD99-E20B95CDCD81}.Debug|Any CPU.ActiveCfg = Debug|Any CPU
		{18E9A126-5B08-42CB-AD99-E20B95CDCD81}.Debug|Any CPU.Build.0 = Debug|Any CPU
		{18E9A126-5B08-42CB-AD99-E20B95CDCD81}.Release|Any CPU.ActiveCfg = Release|Any CPU
		{18E9A126-5B08-42CB-AD99-E20B95CDCD81}.Release|Any CPU.Build.0 = Release|Any CPU
	EndGlobalSection
	GlobalSection(SolutionProperties) = preSolution
		HideSolutionNode = FALSE
	EndGlobalSection
	GlobalSection(ExtensibilityGlobals) = postSolution
		SolutionGuid = {4D159ABC-0734-495B-9DF2-9C1F53AD7318}
	EndGlobalSection
EndGlobal
