
Microsoft Visual Studio Solution File, Format Version 12.00
# Visual Studio Version 16
VisualStudioVersion = 25.0.1705.0
MinimumVisualStudioVersion = 10.0.40219.1
Project("{FAE04EC0-301F-11D3-BF4B-00C04F79EFBC}") = "Dominoes", "Dominoes.csproj", "{5014FA1C-00E5-42D7-B3A5-531E616A0824}"
EndProject
Global
	GlobalSection(SolutionConfigurationPlatforms) = preSolution
		Debug|Any CPU = Debug|Any CPU
		Release|Any CPU = Release|Any CPU
	EndGlobalSection
	GlobalSection(ProjectConfigurationPlatforms) = postSolution
		{5014FA1C-00E5-42D7-B3A5-531E616A0824}.Debug|Any CPU.ActiveCfg = Debug|Any CPU
		{5014FA1C-00E5-42D7-B3A5-531E616A0824}.Debug|Any CPU.Build.0 = Debug|Any CPU
		{5014FA1C-00E5-42D7-B3A5-531E616A0824}.Release|Any CPU.ActiveCfg = Release|Any CPU
		{5014FA1C-00E5-42D7-B3A5-531E616A0824}.Release|Any CPU.Build.0 = Release|Any CPU
	EndGlobalSection
	GlobalSection(SolutionProperties) = preSolution
		HideSolutionNode = FALSE
	EndGlobalSection
	GlobalSection(ExtensibilityGlobals) = postSolution
		SolutionGuid = {7A33278D-3F18-4DAE-BD5C-1A0C308FC2F6}
	EndGlobalSection
EndGlobal
