
Microsoft Visual Studio Solution File, Format Version 12.00
# Visual Studio Version 16
VisualStudioVersion = 16.0.810.14
MinimumVisualStudioVersion = 10.0.40219.1
Project("{FAE04EC0-301F-11D3-BF4B-00C04F79EFBC}") = "LogLevels", "LogLevels.csproj", "{3137C04F-6EED-4881-A9C8-3908876D4A0D}"
EndProject
Global
	GlobalSection(SolutionConfigurationPlatforms) = preSolution
		Debug|Any CPU = Debug|Any CPU
		Release|Any CPU = Release|Any CPU
	EndGlobalSection
	GlobalSection(ProjectConfigurationPlatforms) = postSolution
		{3137C04F-6EED-4881-A9C8-3908876D4A0D}.Debug|Any CPU.ActiveCfg = Debug|Any CPU
		{3137C04F-6EED-4881-A9C8-3908876D4A0D}.Debug|Any CPU.Build.0 = Debug|Any CPU
		{3137C04F-6EED-4881-A9C8-3908876D4A0D}.Release|Any CPU.ActiveCfg = Release|Any CPU
		{3137C04F-6EED-4881-A9C8-3908876D4A0D}.Release|Any CPU.Build.0 = Release|Any CPU
	EndGlobalSection
	GlobalSection(SolutionProperties) = preSolution
		HideSolutionNode = FALSE
	EndGlobalSection
	GlobalSection(ExtensibilityGlobals) = postSolution
		SolutionGuid = {57F92C16-73E7-4AFD-B42A-F5A83444DD79}
	EndGlobalSection
EndGlobal
