
Microsoft Visual Studio Solution File, Format Version 12.00
# Visual Studio Version 16
VisualStudioVersion = 16.0.810.14
MinimumVisualStudioVersion = 10.0.40219.1
Project("{FAE04EC0-301F-11D3-BF4B-00C04F79EFBC}") = "AnnalynsInfiltration", "AnnalynsInfiltration.csproj", "{E8BD8FD9-9C33-4B39-A076-E43C28404850}"
EndProject
Global
	GlobalSection(SolutionConfigurationPlatforms) = preSolution
		Debug|Any CPU = Debug|Any CPU
		Release|Any CPU = Release|Any CPU
	EndGlobalSection
	GlobalSection(ProjectConfigurationPlatforms) = postSolution
		{E8BD8FD9-9C33-4B39-A076-E43C28404850}.Debug|Any CPU.ActiveCfg = Debug|Any CPU
		{E8BD8FD9-9C33-4B39-A076-E43C28404850}.Debug|Any CPU.Build.0 = Debug|Any CPU
		{E8BD8FD9-9C33-4B39-A076-E43C28404850}.Release|Any CPU.ActiveCfg = Release|Any CPU
		{E8BD8FD9-9C33-4B39-A076-E43C28404850}.Release|Any CPU.Build.0 = Release|Any CPU
	EndGlobalSection
	GlobalSection(SolutionProperties) = preSolution
		HideSolutionNode = FALSE
	EndGlobalSection
	GlobalSection(ExtensibilityGlobals) = postSolution
		SolutionGuid = {9EF2C997-1536-425A-9B8F-4C173BE336AC}
	EndGlobalSection
EndGlobal
